
Microsoft Visual Studio Solution File, Format Version 12.00
# Visual Studio Version 17
VisualStudioVersion = 17.0.31903.59
MinimumVisualStudioVersion = 10.0.40219.1
Project("{2150E333-8FDC-42A3-9474-1A3956D46DE8}") = "src", "src", "{7565E8E8-CA29-42DA-9388-D7E0A0F3D386}"
EndProject
Project("{FAE04EC0-301F-11D3-BF4B-00C04F79EFBC}") = "CretanMusicians.Api", "src\CretanMusicians.Api\CretanMusicians.Api.csproj", "{B3146D21-446A-4AE6-8D44-9F59F78983B8}"
EndProject
Project("{FAE04EC0-301F-11D3-BF4B-00C04F79EFBC}") = "CretanMusicians.Application", "src\CretanMusicians.Application\CretanMusicians.Application.csproj", "{1EE643E8-408E-4220-B096-045DFB03994C}"
EndProject
Project("{FAE04EC0-301F-11D3-BF4B-00C04F79EFBC}") = "CretanMusicians.Domain", "src\CretanMusicians.Domain\CretanMusicians.Domain.csproj", "{A3D9259D-EFFE-41CE-850A-F5699293E377}"
EndProject
Project("{FAE04EC0-301F-11D3-BF4B-00C04F79EFBC}") = "CretanMusicians.Infrastructure", "src\CretanMusicians.Infrastructure\CretanMusicians.Infrastructure.csproj", "{12208DAB-CF10-474F-B754-F57D9E5E5D6B}"
EndProject
Project("{2150E333-8FDC-42A3-9474-1A3956D46DE8}") = "tests", "tests", "{269F3569-F93B-4181-A14B-5E49456D5D6A}"
EndProject
Project("{FAE04EC0-301F-11D3-BF4B-00C04F79EFBC}") = "CretanMusicians.Application.Tests", "tests\CretanMusicians.Application.Tests\CretanMusicians.Application.Tests.csproj", "{B36D1956-8813-4546-8F87-FF851DCFE017}"
EndProject
Project("{FAE04EC0-301F-11D3-BF4B-00C04F79EFBC}") = "CretanMusicians.Domain.Tests", "tests\CretanMusicians.Domain.Tests\CretanMusicians.Domain.Tests.csproj", "{43AF67E4-4BAB-4EF9-9A9B-C68825FC9E59}"
EndProject
Global
	GlobalSection(SolutionProperties) = preSolution
		HideSolutionNode = FALSE
	EndGlobalSection
	GlobalSection(SolutionConfigurationPlatforms) = preSolution
		Debug|Any CPU = Debug|Any CPU
		Debug|x64 = Debug|x64
		Debug|x86 = Debug|x86
		Release|Any CPU = Release|Any CPU
		Release|x64 = Release|x64
		Release|x86 = Release|x86
	EndGlobalSection
	GlobalSection(ProjectConfigurationPlatforms) = postSolution
		{B3146D21-446A-4AE6-8D44-9F59F78983B8}.Debug|Any CPU.ActiveCfg = Debug|Any CPU
		{B3146D21-446A-4AE6-8D44-9F59F78983B8}.Debug|Any CPU.Build.0 = Debug|Any CPU
		{B3146D21-446A-4AE6-8D44-9F59F78983B8}.Debug|x64.ActiveCfg = Debug|Any CPU
		{B3146D21-446A-4AE6-8D44-9F59F78983B8}.Debug|x64.Build.0 = Debug|Any CPU
		{B3146D21-446A-4AE6-8D44-9F59F78983B8}.Debug|x86.ActiveCfg = Debug|Any CPU
		{B3146D21-446A-4AE6-8D44-9F59F78983B8}.Debug|x86.Build.0 = Debug|Any CPU
		{B3146D21-446A-4AE6-8D44-9F59F78983B8}.Release|Any CPU.ActiveCfg = Release|Any CPU
		{B3146D21-446A-4AE6-8D44-9F59F78983B8}.Release|Any CPU.Build.0 = Release|Any CPU
		{B3146D21-446A-4AE6-8D44-9F59F78983B8}.Release|x64.ActiveCfg = Release|Any CPU
		{B3146D21-446A-4AE6-8D44-9F59F78983B8}.Release|x64.Build.0 = Release|Any CPU
		{B3146D21-446A-4AE6-8D44-9F59F78983B8}.Release|x86.ActiveCfg = Release|Any CPU
		{B3146D21-446A-4AE6-8D44-9F59F78983B8}.Release|x86.Build.0 = Release|Any CPU
		{1EE643E8-408E-4220-B096-045DFB03994C}.Debug|Any CPU.ActiveCfg = Debug|Any CPU
		{1EE643E8-408E-4220-B096-045DFB03994C}.Debug|Any CPU.Build.0 = Debug|Any CPU
		{1EE643E8-408E-4220-B096-045DFB03994C}.Debug|x64.ActiveCfg = Debug|Any CPU
		{1EE643E8-408E-4220-B096-045DFB03994C}.Debug|x64.Build.0 = Debug|Any CPU
		{1EE643E8-408E-4220-B096-045DFB03994C}.Debug|x86.ActiveCfg = Debug|Any CPU
		{1EE643E8-408E-4220-B096-045DFB03994C}.Debug|x86.Build.0 = Debug|Any CPU
		{1EE643E8-408E-4220-B096-045DFB03994C}.Release|Any CPU.ActiveCfg = Release|Any CPU
		{1EE643E8-408E-4220-B096-045DFB03994C}.Release|Any CPU.Build.0 = Release|Any CPU
		{1EE643E8-408E-4220-B096-045DFB03994C}.Release|x64.ActiveCfg = Release|Any CPU
		{1EE643E8-408E-4220-B096-045DFB03994C}.Release|x64.Build.0 = Release|Any CPU
		{1EE643E8-408E-4220-B096-045DFB03994C}.Release|x86.ActiveCfg = Release|Any CPU
		{1EE643E8-408E-4220-B096-045DFB03994C}.Release|x86.Build.0 = Release|Any CPU
		{A3D9259D-EFFE-41CE-850A-F5699293E377}.Debug|Any CPU.ActiveCfg = Debug|Any CPU
		{A3D9259D-EFFE-41CE-850A-F5699293E377}.Debug|Any CPU.Build.0 = Debug|Any CPU
		{A3D9259D-EFFE-41CE-850A-F5699293E377}.Debug|x64.ActiveCfg = Debug|Any CPU
		{A3D9259D-EFFE-41CE-850A-F5699293E377}.Debug|x64.Build.0 = Debug|Any CPU
		{A3D9259D-EFFE-41CE-850A-F5699293E377}.Debug|x86.ActiveCfg = Debug|Any CPU
		{A3D9259D-EFFE-41CE-850A-F5699293E377}.Debug|x86.Build.0 = Debug|Any CPU
		{A3D9259D-EFFE-41CE-850A-F5699293E377}.Release|Any CPU.ActiveCfg = Release|Any CPU
		{A3D9259D-EFFE-41CE-850A-F5699293E377}.Release|Any CPU.Build.0 = Release|Any CPU
		{A3D9259D-EFFE-41CE-850A-F5699293E377}.Release|x64.ActiveCfg = Release|Any CPU
		{A3D9259D-EFFE-41CE-850A-F5699293E377}.Release|x64.Build.0 = Release|Any CPU
		{A3D9259D-EFFE-41CE-850A-F5699293E377}.Release|x86.ActiveCfg = Release|Any CPU
		{A3D9259D-EFFE-41CE-850A-F5699293E377}.Release|x86.Build.0 = Release|Any CPU
		{12208DAB-CF10-474F-B754-F57D9E5E5D6B}.Debug|Any CPU.ActiveCfg = Debug|Any CPU
		{12208DAB-CF10-474F-B754-F57D9E5E5D6B}.Debug|Any CPU.Build.0 = Debug|Any CPU
		{12208DAB-CF10-474F-B754-F57D9E5E5D6B}.Debug|x64.ActiveCfg = Debug|Any CPU
		{12208DAB-CF10-474F-B754-F57D9E5E5D6B}.Debug|x64.Build.0 = Debug|Any CPU
		{12208DAB-CF10-474F-B754-F57D9E5E5D6B}.Debug|x86.ActiveCfg = Debug|Any CPU
		{12208DAB-CF10-474F-B754-F57D9E5E5D6B}.Debug|x86.Build.0 = Debug|Any CPU
		{12208DAB-CF10-474F-B754-F57D9E5E5D6B}.Release|Any CPU.ActiveCfg = Release|Any CPU
		{12208DAB-CF10-474F-B754-F57D9E5E5D6B}.Release|Any CPU.Build.0 = Release|Any CPU
		{12208DAB-CF10-474F-B754-F57D9E5E5D6B}.Release|x64.ActiveCfg = Release|Any CPU
		{12208DAB-CF10-474F-B754-F57D9E5E5D6B}.Release|x64.Build.0 = Release|Any CPU
		{12208DAB-CF10-474F-B754-F57D9E5E5D6B}.Release|x86.ActiveCfg = Release|Any CPU
		{12208DAB-CF10-474F-B754-F57D9E5E5D6B}.Release|x86.Build.0 = Release|Any CPU
		{B36D1956-8813-4546-8F87-FF851DCFE017}.Debug|Any CPU.ActiveCfg = Debug|Any CPU
		{B36D1956-8813-4546-8F87-FF851DCFE017}.Debug|Any CPU.Build.0 = Debug|Any CPU
		{B36D1956-8813-4546-8F87-FF851DCFE017}.Debug|x64.ActiveCfg = Debug|Any CPU
		{B36D1956-8813-4546-8F87-FF851DCFE017}.Debug|x64.Build.0 = Debug|Any CPU
		{B36D1956-8813-4546-8F87-FF851DCFE017}.Debug|x86.ActiveCfg = Debug|Any CPU
		{B36D1956-8813-4546-8F87-FF851DCFE017}.Debug|x86.Build.0 = Debug|Any CPU
		{B36D1956-8813-4546-8F87-FF851DCFE017}.Release|Any CPU.ActiveCfg = Release|Any CPU
		{B36D1956-8813-4546-8F87-FF851DCFE017}.Release|Any CPU.Build.0 = Release|Any CPU
		{B36D1956-8813-4546-8F87-FF851DCFE017}.Release|x64.ActiveCfg = Release|Any CPU
		{B36D1956-8813-4546-8F87-FF851DCFE017}.Release|x64.Build.0 = Release|Any CPU
		{B36D1956-8813-4546-8F87-FF851DCFE017}.Release|x86.ActiveCfg = Release|Any CPU
		{B36D1956-8813-4546-8F87-FF851DCFE017}.Release|x86.Build.0 = Release|Any CPU
		{43AF67E4-4BAB-4EF9-9A9B-C68825FC9E59}.Debug|Any CPU.ActiveCfg = Debug|Any CPU
		{43AF67E4-4BAB-4EF9-9A9B-C68825FC9E59}.Debug|Any CPU.Build.0 = Debug|Any CPU
		{43AF67E4-4BAB-4EF9-9A9B-C68825FC9E59}.Debug|x64.ActiveCfg = Debug|Any CPU
		{43AF67E4-4BAB-4EF9-9A9B-C68825FC9E59}.Debug|x64.Build.0 = Debug|Any CPU
		{43AF67E4-4BAB-4EF9-9A9B-C68825FC9E59}.Debug|x86.ActiveCfg = Debug|Any CPU
		{43AF67E4-4BAB-4EF9-9A9B-C68825FC9E59}.Debug|x86.Build.0 = Debug|Any CPU
		{43AF67E4-4BAB-4EF9-9A9B-C68825FC9E59}.Release|Any CPU.ActiveCfg = Release|Any CPU
		{43AF67E4-4BAB-4EF9-9A9B-C68825FC9E59}.Release|Any CPU.Build.0 = Release|Any CPU
		{43AF67E4-4BAB-4EF9-9A9B-C68825FC9E59}.Release|x64.ActiveCfg = Release|Any CPU
		{43AF67E4-4BAB-4EF9-9A9B-C68825FC9E59}.Release|x64.Build.0 = Release|Any CPU
		{43AF67E4-4BAB-4EF9-9A9B-C68825FC9E59}.Release|x86.ActiveCfg = Release|Any CPU
		{43AF67E4-4BAB-4EF9-9A9B-C68825FC9E59}.Release|x86.Build.0 = Release|Any CPU
	EndGlobalSection
	GlobalSection(NestedProjects) = preSolution
		{B3146D21-446A-4AE6-8D44-9F59F78983B8} = {7565E8E8-CA29-42DA-9388-D7E0A0F3D386}
		{1EE643E8-408E-4220-B096-045DFB03994C} = {7565E8E8-CA29-42DA-9388-D7E0A0F3D386}
		{A3D9259D-EFFE-41CE-850A-F5699293E377} = {7565E8E8-CA29-42DA-9388-D7E0A0F3D386}
		{12208DAB-CF10-474F-B754-F57D9E5E5D6B} = {7565E8E8-CA29-42DA-9388-D7E0A0F3D386}
		{B36D1956-8813-4546-8F87-FF851DCFE017} = {269F3569-F93B-4181-A14B-5E49456D5D6A}
		{43AF67E4-4BAB-4EF9-9A9B-C68825FC9E59} = {269F3569-F93B-4181-A14B-5E49456D5D6A}
	EndGlobalSection
EndGlobal
